
Microsoft Visual Studio Solution File, Format Version 12.00
# Visual Studio Version 16
VisualStudioVersion = 16.0.28407.52
MinimumVisualStudioVersion = 10.0.40219.1
Project("{FAE04EC0-301F-11D3-BF4B-00C04F79EFBC}") = "SamuraiApp.Data", "SamuraiApp.Data\SamuraiApp.Data.csproj", "{DB9936A9-8141-4C21-BC1A-310BC7F287A3}"
EndProject
Project("{FAE04EC0-301F-11D3-BF4B-00C04F79EFBC}") = "SamuraiApp.Domain", "SamuraiApp.Domain\SamuraiApp.Domain.csproj", "{72B0CC3A-8637-42A9-A514-79B96EBEB9BD}"
EndProject
Project("{FAE04EC0-301F-11D3-BF4B-00C04F79EFBC}") = "SamuraiApp.Api", "SamuraiApp.Api\SamuraiApp.Api.csproj", "{0AFCBCD9-674C-46DD-A532-0F090A71CDE2}"
EndProject
Global
	GlobalSection(SolutionConfigurationPlatforms) = preSolution
		Debug|Any CPU = Debug|Any CPU
		Release|Any CPU = Release|Any CPU
	EndGlobalSection
	GlobalSection(ProjectConfigurationPlatforms) = postSolution
		{DB9936A9-8141-4C21-BC1A-310BC7F287A3}.Debug|Any CPU.ActiveCfg = Debug|Any CPU
		{DB9936A9-8141-4C21-BC1A-310BC7F287A3}.Debug|Any CPU.Build.0 = Debug|Any CPU
		{DB9936A9-8141-4C21-BC1A-310BC7F287A3}.Release|Any CPU.ActiveCfg = Release|Any CPU
		{DB9936A9-8141-4C21-BC1A-310BC7F287A3}.Release|Any CPU.Build.0 = Release|Any CPU
		{72B0CC3A-8637-42A9-A514-79B96EBEB9BD}.Debug|Any CPU.ActiveCfg = Debug|Any CPU
		{72B0CC3A-8637-42A9-A514-79B96EBEB9BD}.Debug|Any CPU.Build.0 = Debug|Any CPU
		{72B0CC3A-8637-42A9-A514-79B96EBEB9BD}.Release|Any CPU.ActiveCfg = Release|Any CPU
		{72B0CC3A-8637-42A9-A514-79B96EBEB9BD}.Release|Any CPU.Build.0 = Release|Any CPU
		{0AFCBCD9-674C-46DD-A532-0F090A71CDE2}.Debug|Any CPU.ActiveCfg = Debug|Any CPU
		{0AFCBCD9-674C-46DD-A532-0F090A71CDE2}.Debug|Any CPU.Build.0 = Debug|Any CPU
		{0AFCBCD9-674C-46DD-A532-0F090A71CDE2}.Release|Any CPU.ActiveCfg = Release|Any CPU
		{0AFCBCD9-674C-46DD-A532-0F090A71CDE2}.Release|Any CPU.Build.0 = Release|Any CPU
	EndGlobalSection
	GlobalSection(SolutionProperties) = preSolution
		HideSolutionNode = FALSE
	EndGlobalSection
	GlobalSection(ExtensibilityGlobals) = postSolution
		SolutionGuid = {6F0AD926-FCD3-432F-ACAE-75256E10E783}
	EndGlobalSection
EndGlobal
